
Microsoft Visual Studio Solution File, Format Version 12.00
# Visual Studio Version 16
VisualStudioVersion = 16.0.30804.86
MinimumVisualStudioVersion = 10.0.40219.1
Project("{FAE04EC0-301F-11D3-BF4B-00C04F79EFBC}") = "MessengerClient", "MessengerClient\MessengerClient.csproj", "{C29BE975-D93C-4804-8674-B0F4BDEFFD1B}"
EndProject
Global
	GlobalSection(SolutionConfigurationPlatforms) = preSolution
		Debug|Any CPU = Debug|Any CPU
		Release|Any CPU = Release|Any CPU
	EndGlobalSection
	GlobalSection(ProjectConfigurationPlatforms) = postSolution
		{C29BE975-D93C-4804-8674-B0F4BDEFFD1B}.Debug|Any CPU.ActiveCfg = Debug|Any CPU
		{C29BE975-D93C-4804-8674-B0F4BDEFFD1B}.Debug|Any CPU.Build.0 = Debug|Any CPU
		{C29BE975-D93C-4804-8674-B0F4BDEFFD1B}.Release|Any CPU.ActiveCfg = Release|Any CPU
		{C29BE975-D93C-4804-8674-B0F4BDEFFD1B}.Release|Any CPU.Build.0 = Release|Any CPU
	EndGlobalSection
	GlobalSection(SolutionProperties) = preSolution
		HideSolutionNode = FALSE
	EndGlobalSection
	GlobalSection(ExtensibilityGlobals) = postSolution
		SolutionGuid = {0349C538-A4E8-4398-BACA-A70F19B4DF50}
	EndGlobalSection
EndGlobal
